{
  "name": "Project-Vertex",
  "lockfileVersion": 3,
  "requires": true,
  "packages": {
    "": {
      "devDependencies": {
        "fern-api": "^0.46.2"
      }
    },
    "node_modules/fern-api": {
      "version": "0.46.2",
      "resolved": "https://registry.npmjs.org/fern-api/-/fern-api-0.46.2.tgz",
      "integrity": "sha512-ZzmhmJtcJMnJ+YwVl2odBlvHyJjVhTyg7g6M3zIpqafpf7VKO0o34jZisJOQfIEPcoB4SdToPByenEnl4p/hqA==",
      "dev": true,
      "bin": {
        "fern": "cli.cjs"
      }
    }
  }
}
